
Microsoft Visual Studio Solution File, Format Version 12.00
# Visual Studio Version 17
VisualStudioVersion = 17.7.34031.279
MinimumVisualStudioVersion = 10.0.40219.1
Project("{FAE04EC0-301F-11D3-BF4B-00C04F79EFBC}") = "KitXIXTask", "KitXIXTask\KitXIXTask.csproj", "{F9D89A89-6C3D-4856-8B67-C6207FA1F6AE}"
EndProject
Global
	GlobalSection(SolutionConfigurationPlatforms) = preSolution
		Debug|Any CPU = Debug|Any CPU
		Release|Any CPU = Release|Any CPU
	EndGlobalSection
	GlobalSection(ProjectConfigurationPlatforms) = postSolution
		{F9D89A89-6C3D-4856-8B67-C6207FA1F6AE}.Debug|Any CPU.ActiveCfg = Debug|Any CPU
		{F9D89A89-6C3D-4856-8B67-C6207FA1F6AE}.Debug|Any CPU.Build.0 = Debug|Any CPU
		{F9D89A89-6C3D-4856-8B67-C6207FA1F6AE}.Release|Any CPU.ActiveCfg = Release|Any CPU
		{F9D89A89-6C3D-4856-8B67-C6207FA1F6AE}.Release|Any CPU.Build.0 = Release|Any CPU
	EndGlobalSection
	GlobalSection(SolutionProperties) = preSolution
		HideSolutionNode = FALSE
	EndGlobalSection
	GlobalSection(ExtensibilityGlobals) = postSolution
		SolutionGuid = {3128B31B-FEEA-4C9E-88B2-C2A9FBFE68AD}
	EndGlobalSection
EndGlobal
